{
  "requires": true,
  "lockfileVersion": 1,
  "dependencies": {
    "gamecontroller.js": {
      "version": "1.5.0",
      "resolved": "https://registry.npmjs.org/gamecontroller.js/-/gamecontroller.js-1.5.0.tgz",
      "integrity": "sha512-P+7UBubMI5VBoWYDEXWCzZI+C7D15YX/VpUuaTzLoW7SXEKlYN5520KpzH06buD85nR1mR1z1NAF65Mc9sqS/Q=="
    }
  }
}
